// !$*UTF8*$!
{
	archiveVersion = 1;
	classes = {
	};
	objectVersion = 55;
	objects = {

/* Begin PBXBuildFile section */
		DABCE5D2288921AA002E549B /* AppDelegate.swift in Sources */ = {isa = PBXBuildFile; fileRef = DABCE5D1288921AA002E549B /* AppDelegate.swift */; };
		DABCE5D4288921AA002E549B /* SceneDelegate.swift in Sources */ = {isa = PBXBuildFile; fileRef = DABCE5D3288921AA002E549B /* SceneDelegate.swift */; };
		DABCE5D6288921AA002E549B /* ViewController.swift in Sources */ = {isa = PBXBuildFile; fileRef = DABCE5D5288921AA002E549B /* ViewController.swift */; };
		DABCE5D9288921AA002E549B /* Main.storyboard in Resources */ = {isa = PBXBuildFile; fileRef = DABCE5D7288921AA002E549B /* Main.storyboard */; };
		DABCE5DB288921AC002E549B /* Assets.xcassets in Resources */ = {isa = PBXBuildFile; fileRef = DABCE5DA288921AC002E549B /* Assets.xcassets */; };
		DABCE5DE288921AC002E549B /* LaunchScreen.storyboard in Resources */ = {isa = PBXBuildFile; fileRef = DABCE5DC288921AC002E549B /* LaunchScreen.storyboard */; };
		DABCE5E9288921AC002E549B /* Prework_1Tests.swift in Sources */ = {isa = PBXBuildFile; fileRef = DABCE5E8288921AC002E549B /* Prework_1Tests.swift */; };
		DABCE5F3288921AC002E549B /* Prework_1UITests.swift in Sources */ = {isa = PBXBuildFile; fileRef = DABCE5F2288921AC002E549B /* Prework_1UITests.swift */; };
		DABCE5F5288921AC002E549B /* Prework_1UITestsLaunchTests.swift in Sources */ = {isa = PBXBuildFile; fileRef = DABCE5F4288921AC002E549B /* Prework_1UITestsLaunchTests.swift */; };
/* End PBXBuildFile section */

/* Begin PBXContainerItemProxy section */
		DABCE5E5288921AC002E549B /* PBXContainerItemProxy */ = {
			isa = PBXContainerItemProxy;
			containerPortal = DABCE5C6288921AA002E549B /* Project object */;
			proxyType = 1;
			remoteGlobalIDString = DABCE5CD288921AA002E549B;
			remoteInfo = Prework_1;
		};
		DABCE5EF288921AC002E549B /* PBXContainerItemProxy */ = {
			isa = PBXContainerItemProxy;
			containerPortal = DABCE5C6288921AA002E549B /* Project object */;
			proxyType = 1;
			remoteGlobalIDString = DABCE5CD288921AA002E549B;
			remoteInfo = Prework_1;
		};
/* End PBXContainerItemProxy section */

/* Begin PBXFileReference section */
		DABCE5CE288921AA002E549B /* Prework_1.app */ = {isa = PBXFileReference; explicitFileType = wrapper.application; includeInIndex = 0; path = Prework_1.app; sourceTree = BUILT_PRODUCTS_DIR; };
		DABCE5D1288921AA002E549B /* AppDelegate.swift */ = {isa = PBXFileReference; lastKnownFileType = sourcecode.swift; path = AppDelegate.swift; sourceTree = "<group>"; };
		DABCE5D3288921AA002E549B /* SceneDelegate.swift */ = {isa = PBXFileReference; lastKnownFileType = sourcecode.swift; path = SceneDelegate.swift; sourceTree = "<group>"; };
		DABCE5D5288921AA002E549B /* ViewController.swift */ = {isa = PBXFileReference; lastKnownFileType = sourcecode.swift; path = ViewController.swift; sourceTree = "<group>"; };
		DABCE5D8288921AA002E549B /* Base */ = {isa = PBXFileReference; lastKnownFileType = file.storyboard; name = Base; path = Base.lproj/Main.storyboard; sourceTree = "<group>"; };
		DABCE5DA288921AC002E549B /* Assets.xcassets */ = {isa = PBXFileReference; lastKnownFileType = folder.assetcatalog; path = Assets.xcassets; sourceTree = "<group>"; };
		DABCE5DD288921AC002E549B /* Base */ = {isa = PBXFileReference; lastKnownFileType = file.storyboard; name = Base; path = Base.lproj/LaunchScreen.storyboard; sourceTree = "<group>"; };
		DABCE5DF288921AC002E549B /* Info.plist */ = {isa = PBXFileReference; lastKnownFileType = text.plist.xml; path = Info.plist; sourceTree = "<group>"; };
		DABCE5E4288921AC002E549B /* Prework_1Tests.xctest */ = {isa = PBXFileReference; explicitFileType = wrapper.cfbundle; includeInIndex = 0; path = Prework_1Tests.xctest; sourceTree = BUILT_PRODUCTS_DIR; };
		DABCE5E8288921AC002E549B /* Prework_1Tests.swift */ = {isa = PBXFileReference; lastKnownFileType = sourcecode.swift; path = Prework_1Tests.swift; sourceTree = "<group>"; };
		DABCE5EE288921AC002E549B /* Prework_1UITests.xctest */ = {isa = PBXFileReference; explicitFileType = wrapper.cfbundle; includeInIndex = 0; path = Prework_1UITests.xctest; sourceTree = BUILT_PRODUCTS_DIR; };
		DABCE5F2288921AC002E549B /* Prework_1UITests.swift */ = {isa = PBXFileReference; lastKnownFileType = sourcecode.swift; path = Prework_1UITests.swift; sourceTree = "<group>"; };
		DABCE5F4288921AC002E549B /* Prework_1UITestsLaunchTests.swift */ = {isa = PBXFileReference; lastKnownFileType = sourcecode.swift; path = Prework_1UITestsLaunchTests.swift; sourceTree = "<group>"; };
/* End PBXFileReference section */

/* Begin PBXFrameworksBuildPhase section */
		DABCE5CB288921AA002E549B /* Frameworks */ = {
			isa = PBXFrameworksBuildPhase;
			buildActionMask = 2147483647;
			files = (
			);
			runOnlyForDeploymentPostprocessing = 0;
		};
		DABCE5E1288921AC002E549B /* Frameworks */ = {
			isa = PBXFrameworksBuildPhase;
			buildActionMask = 2147483647;
			files = (
			);
			runOnlyForDeploymentPostprocessing = 0;
		};
		DABCE5EB288921AC002E549B /* Frameworks */ = {
			isa = PBXFrameworksBuildPhase;
			buildActionMask = 2147483647;
			files = (
			);
			runOnlyForDeploymentPostprocessing = 0;
		};
/* End PBXFrameworksBuildPhase section */

/* Begin PBXGroup section */
		DABCE5C5288921AA002E549B = {
			isa = PBXGroup;
			children = (
				DABCE5D0288921AA002E549B /* Prework_1 */,
				DABCE5E7288921AC002E549B /* Prework_1Tests */,
				DABCE5F1288921AC002E549B /* Prework_1UITests */,
				DABCE5CF288921AA002E549B /* Products */,
			);
			sourceTree = "<group>";
		};
		DABCE5CF288921AA002E549B /* Products */ = {
			isa = PBXGroup;
			children = (
				DABCE5CE288921AA002E549B /* Prework_1.app */,
				DABCE5E4288921AC002E549B /* Prework_1Tests.xctest */,
				DABCE5EE288921AC002E549B /* Prework_1UITests.xctest */,
			);
			name = Products;
			sourceTree = "<group>";
		};
		DABCE5D0288921AA002E549B /* Prework_1 */ = {
			isa = PBXGroup;
			children = (
				DABCE5D1288921AA002E549B /* AppDelegate.swift */,
				DABCE5D3288921AA002E549B /* SceneDelegate.swift */,
				DABCE5D5288921AA002E549B /* ViewController.swift */,
				DABCE5D7288921AA002E549B /* Main.storyboard */,
				DABCE5DA288921AC002E549B /* Assets.xcassets */,
				DABCE5DC288921AC002E549B /* LaunchScreen.storyboard */,
				DABCE5DF288921AC002E549B /* Info.plist */,
			);
			path = Prework_1;
			sourceTree = "<group>";
		};
		DABCE5E7288921AC002E549B /* Prework_1Tests */ = {
			isa = PBXGroup;
			children = (
				DABCE5E8288921AC002E549B /* Prework_1Tests.swift */,
			);
			path = Prework_1Tests;
			sourceTree = "<group>";
		};
		DABCE5F1288921AC002E549B /* Prework_1UITests */ = {
			isa = PBXGroup;
			children = (
				DABCE5F2288921AC002E549B /* Prework_1UITests.swift */,
				DABCE5F4288921AC002E549B /* Prework_1UITestsLaunchTests.swift */,
			);
			path = Prework_1UITests;
			sourceTree = "<group>";
		};
/* End PBXGroup section */

/* Begin PBXNativeTarget section */
		DABCE5CD288921AA002E549B /* Prework_1 */ = {
			isa = PBXNativeTarget;
			buildConfigurationList = DABCE5F8288921AC002E549B /* Build configuration list for PBXNativeTarget "Prework_1" */;
			buildPhases = (
				DABCE5CA288921AA002E549B /* Sources */,
				DABCE5CB288921AA002E549B /* Frameworks */,
				DABCE5CC288921AA002E549B /* Resources */,
			);
			buildRules = (
			);
			dependencies = (
			);
			name = Prework_1;
			productName = Prework_1;
			productReference = DABCE5CE288921AA002E549B /* Prework_1.app */;
			productType = "com.apple.product-type.application";
		};
		DABCE5E3288921AC002E549B /* Prework_1Tests */ = {
			isa = PBXNativeTarget;
			buildConfigurationList = DABCE5FB288921AC002E549B /* Build configuration list for PBXNativeTarget "Prework_1Tests" */;
			buildPhases = (
				DABCE5E0288921AC002E549B /* Sources */,
				DABCE5E1288921AC002E549B /* Frameworks */,
				DABCE5E2288921AC002E549B /* Resources */,
			);
			buildRules = (
			);
			dependencies = (
				DABCE5E6288921AC002E549B /* PBXTargetDependency */,
			);
			name = Prework_1Tests;
			productName = Prework_1Tests;
			productReference = DABCE5E4288921AC002E549B /* Prework_1Tests.xctest */;
			productType = "com.apple.product-type.bundle.unit-test";
		};
		DABCE5ED288921AC002E549B /* Prework_1UITests */ = {
			isa = PBXNativeTarget;
			buildConfigurationList = DABCE5FE288921AC002E549B /* Build configuration list for PBXNativeTarget "Prework_1UITests" */;
			buildPhases = (
				DABCE5EA288921AC002E549B /* Sources */,
				DABCE5EB288921AC002E549B /* Frameworks */,
				DABCE5EC288921AC002E549B /* Resources */,
			);
			buildRules = (
			);
			dependencies = (
				DABCE5F0288921AC002E549B /* PBXTargetDependency */,
			);
			name = Prework_1UITests;
			productName = Prework_1UITests;
			productReference = DABCE5EE288921AC002E549B /* Prework_1UITests.xctest */;
			productType = "com.apple.product-type.bundle.ui-testing";
		};
/* End PBXNativeTarget section */

/* Begin PBXProject section */
		DABCE5C6288921AA002E549B /* Project object */ = {
			isa = PBXProject;
			attributes = {
				BuildIndependentTargetsInParallel = 1;
				LastSwiftUpdateCheck = 1340;
				LastUpgradeCheck = 1340;
				TargetAttributes = {
					DABCE5CD288921AA002E549B = {
						CreatedOnToolsVersion = 13.4.1;
					};
					DABCE5E3288921AC002E549B = {
						CreatedOnToolsVersion = 13.4.1;
						TestTargetID = DABCE5CD288921AA002E549B;
					};
					DABCE5ED288921AC002E549B = {
						CreatedOnToolsVersion = 13.4.1;
						TestTargetID = DABCE5CD288921AA002E549B;
					};
				};
			};
			buildConfigurationList = DABCE5C9288921AA002E549B /* Build configuration list for PBXProject "Prework_1" */;
			compatibilityVersion = "Xcode 13.0";
			developmentRegion = en;
			hasScannedForEncodings = 0;
			knownRegions = (
				en,
				Base,
			);
			mainGroup = DABCE5C5288921AA002E549B;
			productRefGroup = DABCE5CF288921AA002E549B /* Products */;
			projectDirPath = "";
			projectRoot = "";
			targets = (
				DABCE5CD288921AA002E549B /* Prework_1 */,
				DABCE5E3288921AC002E549B /* Prework_1Tests */,
				DABCE5ED288921AC002E549B /* Prework_1UITests */,
			);
		};
/* End PBXProject section */

/* Begin PBXResourcesBuildPhase section */
		DABCE5CC288921AA002E549B /* Resources */ = {
			isa = PBXResourcesBuildPhase;
			buildActionMask = 2147483647;
			files = (
				DABCE5DE288921AC002E549B /* LaunchScreen.storyboard in Resources */,
				DABCE5DB288921AC002E549B /* Assets.xcassets in Resources */,
				DABCE5D9288921AA002E549B /* Main.storyboard in Resources */,
			);
			runOnlyForDeploymentPostprocessing = 0;
		};
		DABCE5E2288921AC002E549B /* Resources */ = {
			isa = PBXResourcesBuildPhase;
			buildActionMask = 2147483647;
			files = (
			);
			runOnlyForDeploymentPostprocessing = 0;
		};
		DABCE5EC288921AC002E549B /* Resources */ = {
			isa = PBXResourcesBuildPhase;
			buildActionMask = 2147483647;
			files = (
			);
			runOnlyForDeploymentPostprocessing = 0;
		};
/* End PBXResourcesBuildPhase section */

/* Begin PBXSourcesBuildPhase section */
		DABCE5CA288921AA002E549B /* Sources */ = {
			isa = PBXSourcesBuildPhase;
			buildActionMask = 2147483647;
			files = (
				DABCE5D6288921AA002E549B /* ViewController.swift in Sources */,
				DABCE5D2288921AA002E549B /* AppDelegate.swift in Sources */,
				DABCE5D4288921AA002E549B /* SceneDelegate.swift in Sources */,
			);
			runOnlyForDeploymentPostprocessing = 0;
		};
		DABCE5E0288921AC002E549B /* Sources */ = {
			isa = PBXSourcesBuildPhase;
			buildActionMask = 2147483647;
			files = (
				DABCE5E9288921AC002E549B /* Prework_1Tests.swift in Sources */,
			);
			runOnlyForDeploymentPostprocessing = 0;
		};
		DABCE5EA288921AC002E549B /* Sources */ = {
			isa = PBXSourcesBuildPhase;
			buildActionMask = 2147483647;
			files = (
				DABCE5F3288921AC002E549B /* Prework_1UITests.swift in Sources */,
				DABCE5F5288921AC002E549B /* Prework_1UITestsLaunchTests.swift in Sources */,
			);
			runOnlyForDeploymentPostprocessing = 0;
		};
/* End PBXSourcesBuildPhase section */

/* Begin PBXTargetDependency section */
		DABCE5E6288921AC002E549B /* PBXTargetDependency */ = {
			isa = PBXTargetDependency;
			target = DABCE5CD288921AA002E549B /* Prework_1 */;
			targetProxy = DABCE5E5288921AC002E549B /* PBXContainerItemProxy */;
		};
		DABCE5F0288921AC002E549B /* PBXTargetDependency */ = {
			isa = PBXTargetDependency;
			target = DABCE5CD288921AA002E549B /* Prework_1 */;
			targetProxy = DABCE5EF288921AC002E549B /* PBXContainerItemProxy */;
		};
/* End PBXTargetDependency section */

/* Begin PBXVariantGroup section */
		DABCE5D7288921AA002E549B /* Main.storyboard */ = {
			isa = PBXVariantGroup;
			children = (
				DABCE5D8288921AA002E549B /* Base */,
			);
			name = Main.storyboard;
			sourceTree = "<group>";
		};
		DABCE5DC288921AC002E549B /* LaunchScreen.storyboard */ = {
			isa = PBXVariantGroup;
			children = (
				DABCE5DD288921AC002E549B /* Base */,
			);
			name = LaunchScreen.storyboard;
			sourceTree = "<group>";
		};
/* End PBXVariantGroup section */

/* Begin XCBuildConfiguration section */
		DABCE5F6288921AC002E549B /* Debug */ = {
			isa = XCBuildConfiguration;
			buildSettings = {
				ALWAYS_SEARCH_USER_PATHS = NO;
				CLANG_ANALYZER_NONNULL = YES;
				CLANG_ANALYZER_NUMBER_OBJECT_CONVERSION = YES_AGGRESSIVE;
				CLANG_CXX_LANGUAGE_STANDARD = "gnu++17";
				CLANG_ENABLE_MODULES = YES;
				CLANG_ENABLE_OBJC_ARC = YES;
				CLANG_ENABLE_OBJC_WEAK = YES;
				CLANG_WARN_BLOCK_CAPTURE_AUTORELEASING = YES;
				CLANG_WARN_BOOL_CONVERSION = YES;
				CLANG_WARN_COMMA = YES;
				CLANG_WARN_CONSTANT_CONVERSION = YES;
				CLANG_WARN_DEPRECATED_OBJC_IMPLEMENTATIONS = YES;
				CLANG_WARN_DIRECT_OBJC_ISA_USAGE = YES_ERROR;
				CLANG_WARN_DOCUMENTATION_COMMENTS = YES;
				CLANG_WARN_EMPTY_BODY = YES;
				CLANG_WARN_ENUM_CONVERSION = YES;
				CLANG_WARN_INFINITE_RECURSION = YES;
				CLANG_WARN_INT_CONVERSION = YES;
				CLANG_WARN_NON_LITERAL_NULL_CONVERSION = YES;
				CLANG_WARN_OBJC_IMPLICIT_RETAIN_SELF = YES;
				CLANG_WARN_OBJC_LITERAL_CONVERSION = YES;
				CLANG_WARN_OBJC_ROOT_CLASS = YES_ERROR;
				CLANG_WARN_QUOTED_INCLUDE_IN_FRAMEWORK_HEADER = YES;
				CLANG_WARN_RANGE_LOOP_ANALYSIS = YES;
				CLANG_WARN_STRICT_PROTOTYPES = YES;
				CLANG_WARN_SUSPICIOUS_MOVE = YES;
				CLANG_WARN_UNGUARDED_AVAILABILITY = YES_AGGRESSIVE;
				CLANG_WARN_UNREACHABLE_CODE = YES;
				CLANG_WARN__DUPLICATE_METHOD_MATCH = YES;
				COPY_PHASE_STRIP = NO;
				DEBUG_INFORMATION_FORMAT = dwarf;
				ENABLE_STRICT_OBJC_MSGSEND = YES;
				ENABLE_TESTABILITY = YES;
				GCC_C_LANGUAGE_STANDARD = gnu11;
				GCC_DYNAMIC_NO_PIC = NO;
				GCC_NO_COMMON_BLOCKS = YES;
				GCC_OPTIMIZATION_LEVEL = 0;
				GCC_PREPROCESSOR_DEFINITIONS = (
					"DEBUG=1",
					"$(inherited)",
				);
				GCC_WARN_64_TO_32_BIT_CONVERSION = YES;
				GCC_WARN_ABOUT_RETURN_TYPE = YES_ERROR;
				GCC_WARN_UNDECLARED_SELECTOR = YES;
				GCC_WARN_UNINITIALIZED_AUTOS = YES_AGGRESSIVE;
				GCC_WARN_UNUSED_FUNCTION = YES;
				GCC_WARN_UNUSED_VARIABLE = YES;
				IPHONEOS_DEPLOYMENT_TARGET = 15.5;
				MTL_ENABLE_DEBUG_INFO = INCLUDE_SOURCE;
				MTL_FAST_MATH = YES;
				ONLY_ACTIVE_ARCH = YES;
				SDKROOT = iphoneos;
				SWIFT_ACTIVE_COMPILATION_CONDITIONS = DEBUG;
				SWIFT_OPTIMIZATION_LEVEL = "-Onone";
			};
			name = Debug;
		};
		DABCE5F7288921AC002E549B /* Release */ = {
			isa = XCBuildConfiguration;
			buildSettings = {
				ALWAYS_SEARCH_USER_PATHS = NO;
				CLANG_ANALYZER_NONNULL = YES;
				CLANG_ANALYZER_NUMBER_OBJECT_CONVERSION = YES_AGGRESSIVE;
				CLANG_CXX_LANGUAGE_STANDARD = "gnu++17";
				CLANG_ENABLE_MODULES = YES;
				CLANG_ENABLE_OBJC_ARC = YES;
				CLANG_ENABLE_OBJC_WEAK = YES;
				CLANG_WARN_BLOCK_CAPTURE_AUTORELEASING = YES;
				CLANG_WARN_BOOL_CONVERSION = YES;
				CLANG_WARN_COMMA = YES;
				CLANG_WARN_CONSTANT_CONVERSION = YES;
				CLANG_WARN_DEPRECATED_OBJC_IMPLEMENTATIONS = YES;
				CLANG_WARN_DIRECT_OBJC_ISA_USAGE = YES_ERROR;
				CLANG_WARN_DOCUMENTATION_COMMENTS = YES;
				CLANG_WARN_EMPTY_BODY = YES;
				CLANG_WARN_ENUM_CONVERSION = YES;
				CLANG_WARN_INFINITE_RECURSION = YES;
				CLANG_WARN_INT_CONVERSION = YES;
				CLANG_WARN_NON_LITERAL_NULL_CONVERSION = YES;
				CLANG_WARN_OBJC_IMPLICIT_RETAIN_SELF = YES;
				CLANG_WARN_OBJC_LITERAL_CONVERSION = YES;
				CLANG_WARN_OBJC_ROOT_CLASS = YES_ERROR;
				CLANG_WARN_QUOTED_INCLUDE_IN_FRAMEWORK_HEADER = YES;
				CLANG_WARN_RANGE_LOOP_ANALYSIS = YES;
				CLANG_WARN_STRICT_PROTOTYPES = YES;
				CLANG_WARN_SUSPICIOUS_MOVE = YES;
				CLANG_WARN_UNGUARDED_AVAILABILITY = YES_AGGRESSIVE;
				CLANG_WARN_UNREACHABLE_CODE = YES;
				CLANG_WARN__DUPLICATE_METHOD_MATCH = YES;
				COPY_PHASE_STRIP = NO;
				DEBUG_INFORMATION_FORMAT = "dwarf-with-dsym";
				ENABLE_NS_ASSERTIONS = NO;
				ENABLE_STRICT_OBJC_MSGSEND = YES;
				GCC_C_LANGUAGE_STANDARD = gnu11;
				GCC_NO_COMMON_BLOCKS = YES;
				GCC_WARN_64_TO_32_BIT_CONVERSION = YES;
				GCC_WARN_ABOUT_RETURN_TYPE = YES_ERROR;
				GCC_WARN_UNDECLARED_SELECTOR = YES;
				GCC_WARN_UNINITIALIZED_AUTOS = YES_AGGRESSIVE;
				GCC_WARN_UNUSED_FUNCTION = YES;
				GCC_WARN_UNUSED_VARIABLE = YES;
				IPHONEOS_DEPLOYMENT_TARGET = 15.5;
				MTL_ENABLE_DEBUG_INFO = NO;
				MTL_FAST_MATH = YES;
				SDKROOT = iphoneos;
				SWIFT_COMPILATION_MODE = wholemodule;
				SWIFT_OPTIMIZATION_LEVEL = "-O";
				VALIDATE_PRODUCT = YES;
			};
			name = Release;
		};
		DABCE5F9288921AC002E549B /* Debug */ = {
			isa = XCBuildConfiguration;
			buildSettings = {
				ASSETCATALOG_COMPILER_APPICON_NAME = AppIcon;
				ASSETCATALOG_COMPILER_GLOBAL_ACCENT_COLOR_NAME = AccentColor;
				CODE_SIGN_STYLE = Automatic;
				CURRENT_PROJECT_VERSION = 1;
				DEVELOPMENT_TEAM = 3U6M9DC84R;
				GENERATE_INFOPLIST_FILE = YES;
				INFOPLIST_FILE = Prework_1/Info.plist;
				INFOPLIST_KEY_UIApplicationSupportsIndirectInputEvents = YES;
				INFOPLIST_KEY_UILaunchStoryboardName = LaunchScreen;
				INFOPLIST_KEY_UIMainStoryboardFile = Main;
				INFOPLIST_KEY_UISupportedInterfaceOrientations_iPad = "UIInterfaceOrientationPortrait UIInterfaceOrientationPortraitUpsideDown UIInterfaceOrientationLandscapeLeft UIInterfaceOrientationLandscapeRight";
				INFOPLIST_KEY_UISupportedInterfaceOrientations_iPhone = "UIInterfaceOrientationPortrait UIInterfaceOrientationLandscapeLeft UIInterfaceOrientationLandscapeRight";
				LD_RUNPATH_SEARCH_PATHS = (
					"$(inherited)",
					"@executable_path/Frameworks",
				);
				MARKETING_VERSION = 1.0;
				PRODUCT_BUNDLE_IDENTIFIER = "Prework-1.codepath.Prework-1";
				PRODUCT_NAME = "$(TARGET_NAME)";
				SWIFT_EMIT_LOC_STRINGS = YES;
				SWIFT_VERSION = 5.0;
				TARGETED_DEVICE_FAMILY = "1,2";
			};
			name = Debug;
		};
		DABCE5FA288921AC002E549B /* Release */ = {
			isa = XCBuildConfiguration;
			buildSettings = {
				ASSETCATALOG_COMPILER_APPICON_NAME = AppIcon;
				ASSETCATALOG_COMPILER_GLOBAL_ACCENT_COLOR_NAME = AccentColor;
				CODE_SIGN_STYLE = Automatic;
				CURRENT_PROJECT_VERSION = 1;
				DEVELOPMENT_TEAM = 3U6M9DC84R;
				GENERATE_INFOPLIST_FILE = YES;
				INFOPLIST_FILE = Prework_1/Info.plist;
				INFOPLIST_KEY_UIApplicationSupportsIndirectInputEvents = YES;
				INFOPLIST_KEY_UILaunchStoryboardName = LaunchScreen;
				INFOPLIST_KEY_UIMainStoryboardFile = Main;
				INFOPLIST_KEY_UISupportedInterfaceOrientations_iPad = "UIInterfaceOrientationPortrait UIInterfaceOrientationPortraitUpsideDown UIInterfaceOrientationLandscapeLeft UIInterfaceOrientationLandscapeRight";
				INFOPLIST_KEY_UISupportedInterfaceOrientations_iPhone = "UIInterfaceOrientationPortrait UIInterfaceOrientationLandscapeLeft UIInterfaceOrientationLandscapeRight";
				LD_RUNPATH_SEARCH_PATHS = (
					"$(inherited)",
					"@executable_path/Frameworks",
				);
				MARKETING_VERSION = 1.0;
				PRODUCT_BUNDLE_IDENTIFIER = "Prework-1.codepath.Prework-1";
				PRODUCT_NAME = "$(TARGET_NAME)";
				SWIFT_EMIT_LOC_STRINGS = YES;
				SWIFT_VERSION = 5.0;
				TARGETED_DEVICE_FAMILY = "1,2";
			};
			name = Release;
		};
		DABCE5FC288921AC002E549B /* Debug */ = {
			isa = XCBuildConfiguration;
			buildSettings = {
				ALWAYS_EMBED_SWIFT_STANDARD_LIBRARIES = YES;
				BUNDLE_LOADER = "$(TEST_HOST)";
				CODE_SIGN_STYLE = Automatic;
				CURRENT_PROJECT_VERSION = 1;
				DEVELOPMENT_TEAM = 3U6M9DC84R;
				GENERATE_INFOPLIST_FILE = YES;
				IPHONEOS_DEPLOYMENT_TARGET = 15.5;
				MARKETING_VERSION = 1.0;
				PRODUCT_BUNDLE_IDENTIFIER = "Prework-1.codepath.Prework-1Tests";
				PRODUCT_NAME = "$(TARGET_NAME)";
				SWIFT_EMIT_LOC_STRINGS = NO;
				SWIFT_VERSION = 5.0;
				TARGETED_DEVICE_FAMILY = "1,2";
				TEST_HOST = "$(BUILT_PRODUCTS_DIR)/Prework_1.app/Prework_1";
			};
			name = Debug;
		};
		DABCE5FD288921AC002E549B /* Release */ = {
			isa = XCBuildConfiguration;
			buildSettings = {
				ALWAYS_EMBED_SWIFT_STANDARD_LIBRARIES = YES;
				BUNDLE_LOADER = "$(TEST_HOST)";
				CODE_SIGN_STYLE = Automatic;
				CURRENT_PROJECT_VERSION = 1;
				DEVELOPMENT_TEAM = 3U6M9DC84R;
				GENERATE_INFOPLIST_FILE = YES;
				IPHONEOS_DEPLOYMENT_TARGET = 15.5;
				MARKETING_VERSION = 1.0;
				PRODUCT_BUNDLE_IDENTIFIER = "Prework-1.codepath.Prework-1Tests";
				PRODUCT_NAME = "$(TARGET_NAME)";
				SWIFT_EMIT_LOC_STRINGS = NO;
				SWIFT_VERSION = 5.0;
				TARGETED_DEVICE_FAMILY = "1,2";
				TEST_HOST = "$(BUILT_PRODUCTS_DIR)/Prework_1.app/Prework_1";
			};
			name = Release;
		};
		DABCE5FF288921AC002E549B /* Debug */ = {
			isa = XCBuildConfiguration;
			buildSettings = {
				ALWAYS_EMBED_SWIFT_STANDARD_LIBRARIES = YES;
				CODE_SIGN_STYLE = Automatic;
				CURRENT_PROJECT_VERSION = 1;
				DEVELOPMENT_TEAM = 3U6M9DC84R;
				GENERATE_INFOPLIST_FILE = YES;
				MARKETING_VERSION = 1.0;
				PRODUCT_BUNDLE_IDENTIFIER = "Prework-1.codepath.Prework-1UITests";
				PRODUCT_NAME = "$(TARGET_NAME)";
				SWIFT_EMIT_LOC_STRINGS = NO;
				SWIFT_VERSION = 5.0;
				TARGETED_DEVICE_FAMILY = "1,2";
				TEST_TARGET_NAME = Prework_1;
			};
			name = Debug;
		};
		DABCE600288921AC002E549B /* Release */ = {
			isa = XCBuildConfiguration;
			buildSettings = {
				ALWAYS_EMBED_SWIFT_STANDARD_LIBRARIES = YES;
				CODE_SIGN_STYLE = Automatic;
				CURRENT_PROJECT_VERSION = 1;
				DEVELOPMENT_TEAM = 3U6M9DC84R;
				GENERATE_INFOPLIST_FILE = YES;
				MARKETING_VERSION = 1.0;
				PRODUCT_BUNDLE_IDENTIFIER = "Prework-1.codepath.Prework-1UITests";
				PRODUCT_NAME = "$(TARGET_NAME)";
				SWIFT_EMIT_LOC_STRINGS = NO;
				SWIFT_VERSION = 5.0;
				TARGETED_DEVICE_FAMILY = "1,2";
				TEST_TARGET_NAME = Prework_1;
			};
			name = Release;
		};
/* End XCBuildConfiguration section */

/* Begin XCConfigurationList section */
		DABCE5C9288921AA002E549B /* Build configuration list for PBXProject "Prework_1" */ = {
			isa = XCConfigurationList;
			buildConfigurations = (
				DABCE5F6288921AC002E549B /* Debug */,
				DABCE5F7288921AC002E549B /* Release */,
			);
			defaultConfigurationIsVisible = 0;
			defaultConfigurationName = Release;
		};
		DABCE5F8288921AC002E549B /* Build configuration list for PBXNativeTarget "Prework_1" */ = {
			isa = XCConfigurationList;
			buildConfigurations = (
				DABCE5F9288921AC002E549B /* Debug */,
				DABCE5FA288921AC002E549B /* Release */,
			);
			defaultConfigurationIsVisible = 0;
			defaultConfigurationName = Release;
		};
		DABCE5FB288921AC002E549B /* Build configuration list for PBXNativeTarget "Prework_1Tests" */ = {
			isa = XCConfigurationList;
			buildConfigurations = (
				DABCE5FC288921AC002E549B /* Debug */,
				DABCE5FD288921AC002E549B /* Release */,
			);
			defaultConfigurationIsVisible = 0;
			defaultConfigurationName = Release;
		};
		DABCE5FE288921AC002E549B /* Build configuration list for PBXNativeTarget "Prework_1UITests" */ = {
			isa = XCConfigurationList;
			buildConfigurations = (
				DABCE5FF288921AC002E549B /* Debug */,
				DABCE600288921AC002E549B /* Release */,
			);
			defaultConfigurationIsVisible = 0;
			defaultConfigurationName = Release;
		};
/* End XCConfigurationList section */
	};
	rootObject = DABCE5C6288921AA002E549B /* Project object */;
}
